// !$*UTF8*$!
{
	archiveVersion = 1;
	classes = {
	};
	objectVersion = 56;
	objects = {

/* Begin PBXBuildFile section */
		DD36A3E1299A9A9A00D9BDAA /* Notes Watch App.app in Embed Watch Content */ = {isa = PBXBuildFile; fileRef = DD36A3E0299A9A9A00D9BDAA /* Notes Watch App.app */; settings = {ATTRIBUTES = (RemoveHeadersOnCopy, ); }; };
		DD36A3E6299A9A9A00D9BDAA /* NotesApp.swift in Sources */ = {isa = PBXBuildFile; fileRef = DD36A3E5299A9A9A00D9BDAA /* NotesApp.swift */; };
		DD36A3E8299A9A9A00D9BDAA /* ContentView.swift in Sources */ = {isa = PBXBuildFile; fileRef = DD36A3E7299A9A9A00D9BDAA /* ContentView.swift */; };
		DD36A3EA299A9A9D00D9BDAA /* Assets.xcassets in Resources */ = {isa = PBXBuildFile; fileRef = DD36A3E9299A9A9D00D9BDAA /* Assets.xcassets */; };
		DD36A3ED299A9A9D00D9BDAA /* Preview Assets.xcassets in Resources */ = {isa = PBXBuildFile; fileRef = DD36A3EC299A9A9D00D9BDAA /* Preview Assets.xcassets */; };
		DD86C5EB299B8EF200D29678 /* Note.swift in Sources */ = {isa = PBXBuildFile; fileRef = DD86C5EA299B8EF200D29678 /* Note.swift */; };
		DD86C5ED299BAF0900D29678 /* DetailView.swift in Sources */ = {isa = PBXBuildFile; fileRef = DD86C5EC299BAF0900D29678 /* DetailView.swift */; };
		DD86C5EF299BB2E900D29678 /* CreditsView.swift in Sources */ = {isa = PBXBuildFile; fileRef = DD86C5EE299BB2E900D29678 /* CreditsView.swift */; };
		DD86C5F2299BB3B500D29678 /* HeaderView.swift in Sources */ = {isa = PBXBuildFile; fileRef = DD86C5F1299BB3B500D29678 /* HeaderView.swift */; };
		DD86C5F4299BB82C00D29678 /* SettingsView.swift in Sources */ = {isa = PBXBuildFile; fileRef = DD86C5F3299BB82C00D29678 /* SettingsView.swift */; };
/* End PBXBuildFile section */

/* Begin PBXContainerItemProxy section */
		DD36A3E2299A9A9A00D9BDAA /* PBXContainerItemProxy */ = {
			isa = PBXContainerItemProxy;
			containerPortal = DD36A3D4299A9A9A00D9BDAA /* Project object */;
			proxyType = 1;
			remoteGlobalIDString = DD36A3DF299A9A9A00D9BDAA;
			remoteInfo = "Notes Watch App";
		};
/* End PBXContainerItemProxy section */

/* Begin PBXCopyFilesBuildPhase section */
		DD36A3F3299A9A9D00D9BDAA /* Embed Watch Content */ = {
			isa = PBXCopyFilesBuildPhase;
			buildActionMask = 2147483647;
			dstPath = "$(CONTENTS_FOLDER_PATH)/Watch";
			dstSubfolderSpec = 16;
			files = (
				DD36A3E1299A9A9A00D9BDAA /* Notes Watch App.app in Embed Watch Content */,
			);
			name = "Embed Watch Content";
			runOnlyForDeploymentPostprocessing = 0;
		};
/* End PBXCopyFilesBuildPhase section */

/* Begin PBXFileReference section */
		DD36A3DA299A9A9A00D9BDAA /* Notes.app */ = {isa = PBXFileReference; explicitFileType = wrapper.application; includeInIndex = 0; path = Notes.app; sourceTree = BUILT_PRODUCTS_DIR; };
		DD36A3E0299A9A9A00D9BDAA /* Notes Watch App.app */ = {isa = PBXFileReference; explicitFileType = wrapper.application; includeInIndex = 0; path = "Notes Watch App.app"; sourceTree = BUILT_PRODUCTS_DIR; };
		DD36A3E5299A9A9A00D9BDAA /* NotesApp.swift */ = {isa = PBXFileReference; lastKnownFileType = sourcecode.swift; path = NotesApp.swift; sourceTree = "<group>"; };
		DD36A3E7299A9A9A00D9BDAA /* ContentView.swift */ = {isa = PBXFileReference; lastKnownFileType = sourcecode.swift; path = ContentView.swift; sourceTree = "<group>"; };
		DD36A3E9299A9A9D00D9BDAA /* Assets.xcassets */ = {isa = PBXFileReference; lastKnownFileType = folder.assetcatalog; path = Assets.xcassets; sourceTree = "<group>"; };
		DD36A3EC299A9A9D00D9BDAA /* Preview Assets.xcassets */ = {isa = PBXFileReference; lastKnownFileType = folder.assetcatalog; path = "Preview Assets.xcassets"; sourceTree = "<group>"; };
		DD86C5EA299B8EF200D29678 /* Note.swift */ = {isa = PBXFileReference; lastKnownFileType = sourcecode.swift; path = Note.swift; sourceTree = "<group>"; };
		DD86C5EC299BAF0900D29678 /* DetailView.swift */ = {isa = PBXFileReference; lastKnownFileType = sourcecode.swift; path = DetailView.swift; sourceTree = "<group>"; };
		DD86C5EE299BB2E900D29678 /* CreditsView.swift */ = {isa = PBXFileReference; lastKnownFileType = sourcecode.swift; path = CreditsView.swift; sourceTree = "<group>"; };
		DD86C5F1299BB3B500D29678 /* HeaderView.swift */ = {isa = PBXFileReference; lastKnownFileType = sourcecode.swift; path = HeaderView.swift; sourceTree = "<group>"; };
		DD86C5F3299BB82C00D29678 /* SettingsView.swift */ = {isa = PBXFileReference; lastKnownFileType = sourcecode.swift; path = SettingsView.swift; sourceTree = "<group>"; };
/* End PBXFileReference section */

/* Begin PBXFrameworksBuildPhase section */
		DD36A3DD299A9A9A00D9BDAA /* Frameworks */ = {
			isa = PBXFrameworksBuildPhase;
			buildActionMask = 2147483647;
			files = (
			);
			runOnlyForDeploymentPostprocessing = 0;
		};
/* End PBXFrameworksBuildPhase section */

/* Begin PBXGroup section */
		DD36A3D3299A9A9A00D9BDAA = {
			isa = PBXGroup;
			children = (
				DD36A3E4299A9A9A00D9BDAA /* Notes Watch App */,
				DD36A3DB299A9A9A00D9BDAA /* Products */,
			);
			sourceTree = "<group>";
		};
		DD36A3DB299A9A9A00D9BDAA /* Products */ = {
			isa = PBXGroup;
			children = (
				DD36A3DA299A9A9A00D9BDAA /* Notes.app */,
				DD36A3E0299A9A9A00D9BDAA /* Notes Watch App.app */,
			);
			name = Products;
			sourceTree = "<group>";
		};
		DD36A3E4299A9A9A00D9BDAA /* Notes Watch App */ = {
			isa = PBXGroup;
			children = (
				DD86C5F0299BB3AB00D29678 /* Component */,
				DD86C5E9299B8EB600D29678 /* Model */,
				DD86C5E8299B8EAA00D29678 /* View */,
				DD36A3E5299A9A9A00D9BDAA /* NotesApp.swift */,
				DD36A3E9299A9A9D00D9BDAA /* Assets.xcassets */,
				DD36A3EB299A9A9D00D9BDAA /* Preview Content */,
			);
			path = "Notes Watch App";
			sourceTree = "<group>";
		};
		DD36A3EB299A9A9D00D9BDAA /* Preview Content */ = {
			isa = PBXGroup;
			children = (
				DD36A3EC299A9A9D00D9BDAA /* Preview Assets.xcassets */,
			);
			path = "Preview Content";
			sourceTree = "<group>";
		};
		DD86C5E8299B8EAA00D29678 /* View */ = {
			isa = PBXGroup;
			children = (
				DD36A3E7299A9A9A00D9BDAA /* ContentView.swift */,
				DD86C5EC299BAF0900D29678 /* DetailView.swift */,
				DD86C5EE299BB2E900D29678 /* CreditsView.swift */,
				DD86C5F3299BB82C00D29678 /* SettingsView.swift */,
			);
			path = View;
			sourceTree = "<group>";
		};
		DD86C5E9299B8EB600D29678 /* Model */ = {
			isa = PBXGroup;
			children = (
				DD86C5EA299B8EF200D29678 /* Note.swift */,
			);
			path = Model;
			sourceTree = "<group>";
		};
		DD86C5F0299BB3AB00D29678 /* Component */ = {
			isa = PBXGroup;
			children = (
				DD86C5F1299BB3B500D29678 /* HeaderView.swift */,
			);
			path = Component;
			sourceTree = "<group>";
		};
/* End PBXGroup section */

/* Begin PBXNativeTarget section */
		DD36A3D9299A9A9A00D9BDAA /* Notes */ = {
			isa = PBXNativeTarget;
			buildConfigurationList = DD36A3F4299A9A9D00D9BDAA /* Build configuration list for PBXNativeTarget "Notes" */;
			buildPhases = (
				DD36A3D8299A9A9A00D9BDAA /* Resources */,
				DD36A3F3299A9A9D00D9BDAA /* Embed Watch Content */,
			);
			buildRules = (
			);
			dependencies = (
				DD36A3E3299A9A9A00D9BDAA /* PBXTargetDependency */,
			);
			name = Notes;
			productName = Notes;
			productReference = DD36A3DA299A9A9A00D9BDAA /* Notes.app */;
			productType = "com.apple.product-type.application.watchapp2-container";
		};
		DD36A3DF299A9A9A00D9BDAA /* Notes Watch App */ = {
			isa = PBXNativeTarget;
			buildConfigurationList = DD36A3F0299A9A9D00D9BDAA /* Build configuration list for PBXNativeTarget "Notes Watch App" */;
			buildPhases = (
				DD36A3DC299A9A9A00D9BDAA /* Sources */,
				DD36A3DD299A9A9A00D9BDAA /* Frameworks */,
				DD36A3DE299A9A9A00D9BDAA /* Resources */,
			);
			buildRules = (
			);
			dependencies = (
			);
			name = "Notes Watch App";
			productName = "Notes Watch App";
			productReference = DD36A3E0299A9A9A00D9BDAA /* Notes Watch App.app */;
			productType = "com.apple.product-type.application";
		};
/* End PBXNativeTarget section */

/* Begin PBXProject section */
		DD36A3D4299A9A9A00D9BDAA /* Project object */ = {
			isa = PBXProject;
			attributes = {
				BuildIndependentTargetsInParallel = 1;
				LastSwiftUpdateCheck = 1420;
				LastUpgradeCheck = 1420;
				TargetAttributes = {
					DD36A3D9299A9A9A00D9BDAA = {
						CreatedOnToolsVersion = 14.2;
					};
					DD36A3DF299A9A9A00D9BDAA = {
						CreatedOnToolsVersion = 14.2;
					};
				};
			};
			buildConfigurationList = DD36A3D7299A9A9A00D9BDAA /* Build configuration list for PBXProject "Notes" */;
			compatibilityVersion = "Xcode 14.0";
			developmentRegion = en;
			hasScannedForEncodings = 0;
			knownRegions = (
				en,
				Base,
			);
			mainGroup = DD36A3D3299A9A9A00D9BDAA;
			productRefGroup = DD36A3DB299A9A9A00D9BDAA /* Products */;
			projectDirPath = "";
			projectRoot = "";
			targets = (
				DD36A3D9299A9A9A00D9BDAA /* Notes */,
				DD36A3DF299A9A9A00D9BDAA /* Notes Watch App */,
			);
		};
/* End PBXProject section */

/* Begin PBXResourcesBuildPhase section */
		DD36A3D8299A9A9A00D9BDAA /* Resources */ = {
			isa = PBXResourcesBuildPhase;
			buildActionMask = 2147483647;
			files = (
			);
			runOnlyForDeploymentPostprocessing = 0;
		};
		DD36A3DE299A9A9A00D9BDAA /* Resources */ = {
			isa = PBXResourcesBuildPhase;
			buildActionMask = 2147483647;
			files = (
				DD36A3ED299A9A9D00D9BDAA /* Preview Assets.xcassets in Resources */,
				DD36A3EA299A9A9D00D9BDAA /* Assets.xcassets in Resources */,
			);
			runOnlyForDeploymentPostprocessing = 0;
		};
/* End PBXResourcesBuildPhase section */

/* Begin PBXSourcesBuildPhase section */
		DD36A3DC299A9A9A00D9BDAA /* Sources */ = {
			isa = PBXSourcesBuildPhase;
			buildActionMask = 2147483647;
			files = (
				DD86C5F4299BB82C00D29678 /* SettingsView.swift in Sources */,
				DD36A3E8299A9A9A00D9BDAA /* ContentView.swift in Sources */,
				DD86C5F2299BB3B500D29678 /* HeaderView.swift in Sources */,
				DD86C5ED299BAF0900D29678 /* DetailView.swift in Sources */,
				DD36A3E6299A9A9A00D9BDAA /* NotesApp.swift in Sources */,
				DD86C5EF299BB2E900D29678 /* CreditsView.swift in Sources */,
				DD86C5EB299B8EF200D29678 /* Note.swift in Sources */,
			);
			runOnlyForDeploymentPostprocessing = 0;
		};
/* End PBXSourcesBuildPhase section */

/* Begin PBXTargetDependency section */
		DD36A3E3299A9A9A00D9BDAA /* PBXTargetDependency */ = {
			isa = PBXTargetDependency;
			target = DD36A3DF299A9A9A00D9BDAA /* Notes Watch App */;
			targetProxy = DD36A3E2299A9A9A00D9BDAA /* PBXContainerItemProxy */;
		};
/* End PBXTargetDependency section */

/* Begin XCBuildConfiguration section */
		DD36A3EE299A9A9D00D9BDAA /* Debug */ = {
			isa = XCBuildConfiguration;
			buildSettings = {
				ALWAYS_SEARCH_USER_PATHS = NO;
				CLANG_ANALYZER_NONNULL = YES;
				CLANG_ANALYZER_NUMBER_OBJECT_CONVERSION = YES_AGGRESSIVE;
				CLANG_CXX_LANGUAGE_STANDARD = "gnu++20";
				CLANG_ENABLE_MODULES = YES;
				CLANG_ENABLE_OBJC_ARC = YES;
				CLANG_ENABLE_OBJC_WEAK = YES;
				CLANG_WARN_BLOCK_CAPTURE_AUTORELEASING = YES;
				CLANG_WARN_BOOL_CONVERSION = YES;
				CLANG_WARN_COMMA = YES;
				CLANG_WARN_CONSTANT_CONVERSION = YES;
				CLANG_WARN_DEPRECATED_OBJC_IMPLEMENTATIONS = YES;
				CLANG_WARN_DIRECT_OBJC_ISA_USAGE = YES_ERROR;
				CLANG_WARN_DOCUMENTATION_COMMENTS = YES;
				CLANG_WARN_EMPTY_BODY = YES;
				CLANG_WARN_ENUM_CONVERSION = YES;
				CLANG_WARN_INFINITE_RECURSION = YES;
				CLANG_WARN_INT_CONVERSION = YES;
				CLANG_WARN_NON_LITERAL_NULL_CONVERSION = YES;
				CLANG_WARN_OBJC_IMPLICIT_RETAIN_SELF = YES;
				CLANG_WARN_OBJC_LITERAL_CONVERSION = YES;
				CLANG_WARN_OBJC_ROOT_CLASS = YES_ERROR;
				CLANG_WARN_QUOTED_INCLUDE_IN_FRAMEWORK_HEADER = YES;
				CLANG_WARN_RANGE_LOOP_ANALYSIS = YES;
				CLANG_WARN_STRICT_PROTOTYPES = YES;
				CLANG_WARN_SUSPICIOUS_MOVE = YES;
				CLANG_WARN_UNGUARDED_AVAILABILITY = YES_AGGRESSIVE;
				CLANG_WARN_UNREACHABLE_CODE = YES;
				CLANG_WARN__DUPLICATE_METHOD_MATCH = YES;
				COPY_PHASE_STRIP = NO;
				DEBUG_INFORMATION_FORMAT = dwarf;
				ENABLE_STRICT_OBJC_MSGSEND = YES;
				ENABLE_TESTABILITY = YES;
				GCC_C_LANGUAGE_STANDARD = gnu11;
				GCC_DYNAMIC_NO_PIC = NO;
				GCC_NO_COMMON_BLOCKS = YES;
				GCC_OPTIMIZATION_LEVEL = 0;
				GCC_PREPROCESSOR_DEFINITIONS = (
					"DEBUG=1",
					"$(inherited)",
				);
				GCC_WARN_64_TO_32_BIT_CONVERSION = YES;
				GCC_WARN_ABOUT_RETURN_TYPE = YES_ERROR;
				GCC_WARN_UNDECLARED_SELECTOR = YES;
				GCC_WARN_UNINITIALIZED_AUTOS = YES_AGGRESSIVE;
				GCC_WARN_UNUSED_FUNCTION = YES;
				GCC_WARN_UNUSED_VARIABLE = YES;
				MTL_ENABLE_DEBUG_INFO = INCLUDE_SOURCE;
				MTL_FAST_MATH = YES;
				ONLY_ACTIVE_ARCH = YES;
				SWIFT_ACTIVE_COMPILATION_CONDITIONS = DEBUG;
				SWIFT_OPTIMIZATION_LEVEL = "-Onone";
			};
			name = Debug;
		};
		DD36A3EF299A9A9D00D9BDAA /* Release */ = {
			isa = XCBuildConfiguration;
			buildSettings = {
				ALWAYS_SEARCH_USER_PATHS = NO;
				CLANG_ANALYZER_NONNULL = YES;
				CLANG_ANALYZER_NUMBER_OBJECT_CONVERSION = YES_AGGRESSIVE;
				CLANG_CXX_LANGUAGE_STANDARD = "gnu++20";
				CLANG_ENABLE_MODULES = YES;
				CLANG_ENABLE_OBJC_ARC = YES;
				CLANG_ENABLE_OBJC_WEAK = YES;
				CLANG_WARN_BLOCK_CAPTURE_AUTORELEASING = YES;
				CLANG_WARN_BOOL_CONVERSION = YES;
				CLANG_WARN_COMMA = YES;
				CLANG_WARN_CONSTANT_CONVERSION = YES;
				CLANG_WARN_DEPRECATED_OBJC_IMPLEMENTATIONS = YES;
				CLANG_WARN_DIRECT_OBJC_ISA_USAGE = YES_ERROR;
				CLANG_WARN_DOCUMENTATION_COMMENTS = YES;
				CLANG_WARN_EMPTY_BODY = YES;
				CLANG_WARN_ENUM_CONVERSION = YES;
				CLANG_WARN_INFINITE_RECURSION = YES;
				CLANG_WARN_INT_CONVERSION = YES;
				CLANG_WARN_NON_LITERAL_NULL_CONVERSION = YES;
				CLANG_WARN_OBJC_IMPLICIT_RETAIN_SELF = YES;
				CLANG_WARN_OBJC_LITERAL_CONVERSION = YES;
				CLANG_WARN_OBJC_ROOT_CLASS = YES_ERROR;
				CLANG_WARN_QUOTED_INCLUDE_IN_FRAMEWORK_HEADER = YES;
				CLANG_WARN_RANGE_LOOP_ANALYSIS = YES;
				CLANG_WARN_STRICT_PROTOTYPES = YES;
				CLANG_WARN_SUSPICIOUS_MOVE = YES;
				CLANG_WARN_UNGUARDED_AVAILABILITY = YES_AGGRESSIVE;
				CLANG_WARN_UNREACHABLE_CODE = YES;
				CLANG_WARN__DUPLICATE_METHOD_MATCH = YES;
				COPY_PHASE_STRIP = NO;
				DEBUG_INFORMATION_FORMAT = "dwarf-with-dsym";
				ENABLE_NS_ASSERTIONS = NO;
				ENABLE_STRICT_OBJC_MSGSEND = YES;
				GCC_C_LANGUAGE_STANDARD = gnu11;
				GCC_NO_COMMON_BLOCKS = YES;
				GCC_WARN_64_TO_32_BIT_CONVERSION = YES;
				GCC_WARN_ABOUT_RETURN_TYPE = YES_ERROR;
				GCC_WARN_UNDECLARED_SELECTOR = YES;
				GCC_WARN_UNINITIALIZED_AUTOS = YES_AGGRESSIVE;
				GCC_WARN_UNUSED_FUNCTION = YES;
				GCC_WARN_UNUSED_VARIABLE = YES;
				MTL_ENABLE_DEBUG_INFO = NO;
				MTL_FAST_MATH = YES;
				SWIFT_COMPILATION_MODE = wholemodule;
				SWIFT_OPTIMIZATION_LEVEL = "-O";
			};
			name = Release;
		};
		DD36A3F1299A9A9D00D9BDAA /* Debug */ = {
			isa = XCBuildConfiguration;
			buildSettings = {
				ASSETCATALOG_COMPILER_APPICON_NAME = AppIcon;
				ASSETCATALOG_COMPILER_GLOBAL_ACCENT_COLOR_NAME = AccentColor;
				CODE_SIGN_STYLE = Automatic;
				CURRENT_PROJECT_VERSION = 1;
				DEVELOPMENT_ASSET_PATHS = "\"Notes Watch App/Preview Content\"";
				DEVELOPMENT_TEAM = S62D5DL32C;
				ENABLE_PREVIEWS = YES;
				GENERATE_INFOPLIST_FILE = YES;
				INFOPLIST_KEY_CFBundleDisplayName = Notes;
				INFOPLIST_KEY_UISupportedInterfaceOrientations = "UIInterfaceOrientationPortrait UIInterfaceOrientationPortraitUpsideDown";
				INFOPLIST_KEY_WKWatchOnly = YES;
				LD_RUNPATH_SEARCH_PATHS = (
					"$(inherited)",
					"@executable_path/Frameworks",
				);
				MARKETING_VERSION = 1.0;
				PRODUCT_BUNDLE_IDENTIFIER = com.petryanenko.Notes.watchkitapp;
				PRODUCT_NAME = "$(TARGET_NAME)";
				SDKROOT = watchos;
				SKIP_INSTALL = YES;
				SWIFT_EMIT_LOC_STRINGS = YES;
				SWIFT_VERSION = 5.0;
				TARGETED_DEVICE_FAMILY = 4;
				WATCHOS_DEPLOYMENT_TARGET = 9.1;
			};
			name = Debug;
		};
		DD36A3F2299A9A9D00D9BDAA /* Release */ = {
			isa = XCBuildConfiguration;
			buildSettings = {
				ASSETCATALOG_COMPILER_APPICON_NAME = AppIcon;
				ASSETCATALOG_COMPILER_GLOBAL_ACCENT_COLOR_NAME = AccentColor;
				CODE_SIGN_STYLE = Automatic;
				CURRENT_PROJECT_VERSION = 1;
				DEVELOPMENT_ASSET_PATHS = "\"Notes Watch App/Preview Content\"";
				DEVELOPMENT_TEAM = S62D5DL32C;
				ENABLE_PREVIEWS = YES;
				GENERATE_INFOPLIST_FILE = YES;
				INFOPLIST_KEY_CFBundleDisplayName = Notes;
				INFOPLIST_KEY_UISupportedInterfaceOrientations = "UIInterfaceOrientationPortrait UIInterfaceOrientationPortraitUpsideDown";
				INFOPLIST_KEY_WKWatchOnly = YES;
				LD_RUNPATH_SEARCH_PATHS = (
					"$(inherited)",
					"@executable_path/Frameworks",
				);
				MARKETING_VERSION = 1.0;
				PRODUCT_BUNDLE_IDENTIFIER = com.petryanenko.Notes.watchkitapp;
				PRODUCT_NAME = "$(TARGET_NAME)";
				SDKROOT = watchos;
				SKIP_INSTALL = YES;
				SWIFT_EMIT_LOC_STRINGS = YES;
				SWIFT_VERSION = 5.0;
				TARGETED_DEVICE_FAMILY = 4;
				VALIDATE_PRODUCT = YES;
				WATCHOS_DEPLOYMENT_TARGET = 9.1;
			};
			name = Release;
		};
		DD36A3F5299A9A9D00D9BDAA /* Debug */ = {
			isa = XCBuildConfiguration;
			buildSettings = {
				ALWAYS_EMBED_SWIFT_STANDARD_LIBRARIES = YES;
				CODE_SIGN_STYLE = Automatic;
				CURRENT_PROJECT_VERSION = 1;
				DEVELOPMENT_TEAM = S62D5DL32C;
				INFOPLIST_KEY_CFBundleDisplayName = Notes;
				MARKETING_VERSION = 1.0;
				PRODUCT_BUNDLE_IDENTIFIER = com.petryanenko.Notes;
				PRODUCT_NAME = "$(TARGET_NAME)";
				SDKROOT = iphoneos;
				SWIFT_VERSION = 5.0;
			};
			name = Debug;
		};
		DD36A3F6299A9A9D00D9BDAA /* Release */ = {
			isa = XCBuildConfiguration;
			buildSettings = {
				ALWAYS_EMBED_SWIFT_STANDARD_LIBRARIES = YES;
				CODE_SIGN_STYLE = Automatic;
				CURRENT_PROJECT_VERSION = 1;
				DEVELOPMENT_TEAM = S62D5DL32C;
				INFOPLIST_KEY_CFBundleDisplayName = Notes;
				MARKETING_VERSION = 1.0;
				PRODUCT_BUNDLE_IDENTIFIER = com.petryanenko.Notes;
				PRODUCT_NAME = "$(TARGET_NAME)";
				SDKROOT = iphoneos;
				SWIFT_VERSION = 5.0;
				VALIDATE_PRODUCT = YES;
			};
			name = Release;
		};
/* End XCBuildConfiguration section */

/* Begin XCConfigurationList section */
		DD36A3D7299A9A9A00D9BDAA /* Build configuration list for PBXProject "Notes" */ = {
			isa = XCConfigurationList;
			buildConfigurations = (
				DD36A3EE299A9A9D00D9BDAA /* Debug */,
				DD36A3EF299A9A9D00D9BDAA /* Release */,
			);
			defaultConfigurationIsVisible = 0;
			defaultConfigurationName = Release;
		};
		DD36A3F0299A9A9D00D9BDAA /* Build configuration list for PBXNativeTarget "Notes Watch App" */ = {
			isa = XCConfigurationList;
			buildConfigurations = (
				DD36A3F1299A9A9D00D9BDAA /* Debug */,
				DD36A3F2299A9A9D00D9BDAA /* Release */,
			);
			defaultConfigurationIsVisible = 0;
			defaultConfigurationName = Release;
		};
		DD36A3F4299A9A9D00D9BDAA /* Build configuration list for PBXNativeTarget "Notes" */ = {
			isa = XCConfigurationList;
			buildConfigurations = (
				DD36A3F5299A9A9D00D9BDAA /* Debug */,
				DD36A3F6299A9A9D00D9BDAA /* Release */,
			);
			defaultConfigurationIsVisible = 0;
			defaultConfigurationName = Release;
		};
/* End XCConfigurationList section */
	};
	rootObject = DD36A3D4299A9A9A00D9BDAA /* Project object */;
}
